
Microsoft Visual Studio Solution File, Format Version 12.00
# Visual Studio Version 16
VisualStudioVersion = 16.0.29306.81
MinimumVisualStudioVersion = 10.0.40219.1
Project("{FAE04EC0-301F-11D3-BF4B-00C04F79EFBC}") = "ReporteLiquidacionGUI", "ReporteLiquidacionGUI\ReporteLiquidacionGUI.csproj", "{0B4E7859-D57E-42B9-BC03-FF0C031FAA8F}"
EndProject
Project("{FAE04EC0-301F-11D3-BF4B-00C04F79EFBC}") = "Entity", "Entity\Entity.csproj", "{42890006-FAF9-437E-A62D-6A4BB4E100F4}"
EndProject
Project("{FAE04EC0-301F-11D3-BF4B-00C04F79EFBC}") = "BLL", "BLL\BLL.csproj", "{54CD1776-CD81-4DF5-8FFC-E0783E229E30}"
EndProject
Project("{FAE04EC0-301F-11D3-BF4B-00C04F79EFBC}") = "DAL", "DAL\DAL.csproj", "{22FAB35E-BD18-4684-941F-7ABCCE910DA8}"
EndProject
Global
	GlobalSection(SolutionConfigurationPlatforms) = preSolution
		Debug|Any CPU = Debug|Any CPU
		Release|Any CPU = Release|Any CPU
	EndGlobalSection
	GlobalSection(ProjectConfigurationPlatforms) = postSolution
		{0B4E7859-D57E-42B9-BC03-FF0C031FAA8F}.Debug|Any CPU.ActiveCfg = Debug|Any CPU
		{0B4E7859-D57E-42B9-BC03-FF0C031FAA8F}.Debug|Any CPU.Build.0 = Debug|Any CPU
		{0B4E7859-D57E-42B9-BC03-FF0C031FAA8F}.Release|Any CPU.ActiveCfg = Release|Any CPU
		{0B4E7859-D57E-42B9-BC03-FF0C031FAA8F}.Release|Any CPU.Build.0 = Release|Any CPU
		{42890006-FAF9-437E-A62D-6A4BB4E100F4}.Debug|Any CPU.ActiveCfg = Debug|Any CPU
		{42890006-FAF9-437E-A62D-6A4BB4E100F4}.Debug|Any CPU.Build.0 = Debug|Any CPU
		{42890006-FAF9-437E-A62D-6A4BB4E100F4}.Release|Any CPU.ActiveCfg = Release|Any CPU
		{42890006-FAF9-437E-A62D-6A4BB4E100F4}.Release|Any CPU.Build.0 = Release|Any CPU
		{54CD1776-CD81-4DF5-8FFC-E0783E229E30}.Debug|Any CPU.ActiveCfg = Debug|Any CPU
		{54CD1776-CD81-4DF5-8FFC-E0783E229E30}.Debug|Any CPU.Build.0 = Debug|Any CPU
		{54CD1776-CD81-4DF5-8FFC-E0783E229E30}.Release|Any CPU.ActiveCfg = Release|Any CPU
		{54CD1776-CD81-4DF5-8FFC-E0783E229E30}.Release|Any CPU.Build.0 = Release|Any CPU
		{22FAB35E-BD18-4684-941F-7ABCCE910DA8}.Debug|Any CPU.ActiveCfg = Debug|Any CPU
		{22FAB35E-BD18-4684-941F-7ABCCE910DA8}.Debug|Any CPU.Build.0 = Debug|Any CPU
		{22FAB35E-BD18-4684-941F-7ABCCE910DA8}.Release|Any CPU.ActiveCfg = Release|Any CPU
		{22FAB35E-BD18-4684-941F-7ABCCE910DA8}.Release|Any CPU.Build.0 = Release|Any CPU
	EndGlobalSection
	GlobalSection(SolutionProperties) = preSolution
		HideSolutionNode = FALSE
	EndGlobalSection
	GlobalSection(ExtensibilityGlobals) = postSolution
		SolutionGuid = {2F53EAC8-5CC9-4991-A590-41B2E4F9A66A}
	EndGlobalSection
EndGlobal
